Microsoft Visual Studio Solution File, Format Version 12.00
# Visual Studio Version 17
VisualStudioVersion = 17.5.2.0
MinimumVisualStudioVersion = 10.0.40219.1
Project("{FAE04EC0-301F-11D3-BF4B-00C04F79EFBC}") = "Notredame.Api", "Notredame.Api\Notredame.Api.csproj", "{48C421EF-6B49-EC42-7753-82B12BA65604}"
EndProject
Project("{FAE04EC0-301F-11D3-BF4B-00C04F79EFBC}") = "Notredame.Api.Test", "Notredame.Api.Test\Notredame.Api.Test.csproj", "{FB717F42-623F-B62D-3EC1-328341FC125F}"
EndProject
Project("{FAE04EC0-301F-11D3-BF4B-00C04F79EFBC}") = "Notredame.Domain", "Notredame.Domain\Notredame.Domain.csproj", "{C4CBA26D-04DF-1E88-3C14-6382958E4B8C}"
EndProject
Project("{FAE04EC0-301F-11D3-BF4B-00C04F79EFBC}") = "Notredame.Shared", "Notredame.Shared\Notredame.Shared.csproj", "{65512359-676D-08CF-9246-5C7C92AA3948}"
EndProject
Project("{FAE04EC0-301F-11D3-BF4B-00C04F79EFBC}") = "Notredame.Infra", "Notredame.Infra\Notredame.Infra.csproj", "{55E50118-1E2A-F469-D7B9-F52C9DDAC79F}"
EndProject
Project("{FAE04EC0-301F-11D3-BF4B-00C04F79EFBC}") = "Notredame.App", "Notredame.App\Notredame.App.csproj", "{3EABC445-1321-982A-1372-99652FAC446E}"
EndProject
Project("{FAE04EC0-301F-11D3-BF4B-00C04F79EFBC}") = "Notredame.Domain.Test", "Notredame.Domain.Test\Notredame.Domain.Test.csproj", "{BE1F1673-5B24-0F38-2B13-100AD7D06789}"
EndProject
Global
	GlobalSection(SolutionConfigurationPlatforms) = preSolution
		Debug|Any CPU = Debug|Any CPU
		Release|Any CPU = Release|Any CPU
	EndGlobalSection
	GlobalSection(ProjectConfigurationPlatforms) = postSolution
		{48C421EF-6B49-EC42-7753-82B12BA65604}.Debug|Any CPU.ActiveCfg = Debug|Any CPU
		{48C421EF-6B49-EC42-7753-82B12BA65604}.Debug|Any CPU.Build.0 = Debug|Any CPU
		{48C421EF-6B49-EC42-7753-82B12BA65604}.Release|Any CPU.ActiveCfg = Release|Any CPU
		{48C421EF-6B49-EC42-7753-82B12BA65604}.Release|Any CPU.Build.0 = Release|Any CPU
		{FB717F42-623F-B62D-3EC1-328341FC125F}.Debug|Any CPU.ActiveCfg = Debug|Any CPU
		{FB717F42-623F-B62D-3EC1-328341FC125F}.Debug|Any CPU.Build.0 = Debug|Any CPU
		{FB717F42-623F-B62D-3EC1-328341FC125F}.Release|Any CPU.ActiveCfg = Release|Any CPU
		{FB717F42-623F-B62D-3EC1-328341FC125F}.Release|Any CPU.Build.0 = Release|Any CPU
		{C4CBA26D-04DF-1E88-3C14-6382958E4B8C}.Debug|Any CPU.ActiveCfg = Debug|Any CPU
		{C4CBA26D-04DF-1E88-3C14-6382958E4B8C}.Debug|Any CPU.Build.0 = Debug|Any CPU
		{C4CBA26D-04DF-1E88-3C14-6382958E4B8C}.Release|Any CPU.ActiveCfg = Release|Any CPU
		{C4CBA26D-04DF-1E88-3C14-6382958E4B8C}.Release|Any CPU.Build.0 = Release|Any CPU
		{65512359-676D-08CF-9246-5C7C92AA3948}.Debug|Any CPU.ActiveCfg = Debug|Any CPU
		{65512359-676D-08CF-9246-5C7C92AA3948}.Debug|Any CPU.Build.0 = Debug|Any CPU
		{65512359-676D-08CF-9246-5C7C92AA3948}.Release|Any CPU.ActiveCfg = Release|Any CPU
		{65512359-676D-08CF-9246-5C7C92AA3948}.Release|Any CPU.Build.0 = Release|Any CPU
		{55E50118-1E2A-F469-D7B9-F52C9DDAC79F}.Debug|Any CPU.ActiveCfg = Debug|Any CPU
		{55E50118-1E2A-F469-D7B9-F52C9DDAC79F}.Debug|Any CPU.Build.0 = Debug|Any CPU
		{55E50118-1E2A-F469-D7B9-F52C9DDAC79F}.Release|Any CPU.ActiveCfg = Release|Any CPU
		{55E50118-1E2A-F469-D7B9-F52C9DDAC79F}.Release|Any CPU.Build.0 = Release|Any CPU
		{3EABC445-1321-982A-1372-99652FAC446E}.Debug|Any CPU.ActiveCfg = Debug|Any CPU
		{3EABC445-1321-982A-1372-99652FAC446E}.Debug|Any CPU.Build.0 = Debug|Any CPU
		{3EABC445-1321-982A-1372-99652FAC446E}.Release|Any CPU.ActiveCfg = Release|Any CPU
		{3EABC445-1321-982A-1372-99652FAC446E}.Release|Any CPU.Build.0 = Release|Any CPU
		{BE1F1673-5B24-0F38-2B13-100AD7D06789}.Debug|Any CPU.ActiveCfg = Debug|Any CPU
		{BE1F1673-5B24-0F38-2B13-100AD7D06789}.Debug|Any CPU.Build.0 = Debug|Any CPU
		{BE1F1673-5B24-0F38-2B13-100AD7D06789}.Release|Any CPU.ActiveCfg = Release|Any CPU
		{BE1F1673-5B24-0F38-2B13-100AD7D06789}.Release|Any CPU.Build.0 = Release|Any CPU
	EndGlobalSection
	GlobalSection(SolutionProperties) = preSolution
		HideSolutionNode = FALSE
	EndGlobalSection
	GlobalSection(ExtensibilityGlobals) = postSolution
		SolutionGuid = {E8ECCA93-9E68-4A72-A633-8E15A9D195E7}
	EndGlobalSection
EndGlobal
